
Microsoft Visual Studio Solution File, Format Version 12.00
# Visual Studio Version 16
VisualStudioVersion = 16.0.31515.178
MinimumVisualStudioVersion = 10.0.40219.1
Project("{8BC9CEB8-8B4A-11D0-8D11-00A0C91BC942}") = "lunar-monitor", "lunar-monitor.vcxproj", "{B960BC0E-F6F9-4388-BDD8-A3EBCFF7F90F}"
EndProject
Global
	GlobalSection(SolutionConfigurationPlatforms) = preSolution
		Debug|x64 = Debug|x64
		Debug|x86 = Debug|x86
		Release|x64 = Release|x64
		Release|x86 = Release|x86
	EndGlobalSection
	GlobalSection(ProjectConfigurationPlatforms) = postSolution
		{B960BC0E-F6F9-4388-BDD8-A3EBCFF7F90F}.Debug|x64.ActiveCfg = Debug|x64
		{B960BC0E-F6F9-4388-BDD8-A3EBCFF7F90F}.Debug|x64.Build.0 = Debug|x64
		{B960BC0E-F6F9-4388-BDD8-A3EBCFF7F90F}.Debug|x86.ActiveCfg = Debug|Win32
		{B960BC0E-F6F9-4388-BDD8-A3EBCFF7F90F}.Debug|x86.Build.0 = Debug|Win32
		{B960BC0E-F6F9-4388-BDD8-A3EBCFF7F90F}.Release|x64.ActiveCfg = Release|x64
		{B960BC0E-F6F9-4388-BDD8-A3EBCFF7F90F}.Release|x64.Build.0 = Release|x64
		{B960BC0E-F6F9-4388-BDD8-A3EBCFF7F90F}.Release|x86.ActiveCfg = Release|Win32
		{B960BC0E-F6F9-4388-BDD8-A3EBCFF7F90F}.Release|x86.Build.0 = Release|Win32
	EndGlobalSection
	GlobalSection(SolutionProperties) = preSolution
		HideSolutionNode = FALSE
	EndGlobalSection
	GlobalSection(ExtensibilityGlobals) = postSolution
		SolutionGuid = {5DD770B7-E99F-42CA-8DBD-E6EFD22CACFB}
	EndGlobalSection
EndGlobal
